// !$*UTF8*$!
{
	archiveVersion = 1;
	classes = {
	};
	objectVersion = 50;
	objects = {

/* Begin PBXBuildFile section */
		8825EFDC24B5CA2100160A1F /* AppDelegate.swift in Sources */ = {isa = PBXBuildFile; fileRef = 8825EFDB24B5CA2100160A1F /* AppDelegate.swift */; };
		8825F00D24B5CC9D00160A1F /* GetStudentInformationResponse.swift in Sources */ = {isa = PBXBuildFile; fileRef = 8825EFF124B5CC9C00160A1F /* GetStudentInformationResponse.swift */; };
		8825F00E24B5CC9D00160A1F /* POSTsessionIdResponse.swift in Sources */ = {isa = PBXBuildFile; fileRef = 8825EFF224B5CC9C00160A1F /* POSTsessionIdResponse.swift */; };
		8825F00F24B5CC9D00160A1F /* GetStudentsInformationResponse.swift in Sources */ = {isa = PBXBuildFile; fileRef = 8825EFF324B5CC9C00160A1F /* GetStudentsInformationResponse.swift */; };
		8825F01024B5CC9D00160A1F /* POSTStudentLocationRequest.swift in Sources */ = {isa = PBXBuildFile; fileRef = 8825EFF524B5CC9C00160A1F /* POSTStudentLocationRequest.swift */; };
		8825F01124B5CC9D00160A1F /* POSTsessionIdRequest.swift in Sources */ = {isa = PBXBuildFile; fileRef = 8825EFF624B5CC9C00160A1F /* POSTsessionIdRequest.swift */; };
		8825F01224B5CC9D00160A1F /* StudentsInformation.swift in Sources */ = {isa = PBXBuildFile; fileRef = 8825EFF824B5CC9C00160A1F /* StudentsInformation.swift */; };
		8825F01324B5CC9D00160A1F /* UdacityClient.swift in Sources */ = {isa = PBXBuildFile; fileRef = 8825EFFA24B5CC9C00160A1F /* UdacityClient.swift */; };
		8825F01424B5CC9D00160A1F /* AddPinViewController.swift in Sources */ = {isa = PBXBuildFile; fileRef = 8825EFFC24B5CC9C00160A1F /* AddPinViewController.swift */; };
		8825F01524B5CC9D00160A1F /* TabViewController.swift in Sources */ = {isa = PBXBuildFile; fileRef = 8825EFFD24B5CC9C00160A1F /* TabViewController.swift */; };
		8825F01624B5CC9D00160A1F /* MapViewController-Extension.swift in Sources */ = {isa = PBXBuildFile; fileRef = 8825EFFE24B5CC9C00160A1F /* MapViewController-Extension.swift */; };
		8825F01724B5CC9D00160A1F /* MapViewController.swift in Sources */ = {isa = PBXBuildFile; fileRef = 8825EFFF24B5CC9C00160A1F /* MapViewController.swift */; };
		8825F01824B5CC9D00160A1F /* UIViewController-Extension.swift in Sources */ = {isa = PBXBuildFile; fileRef = 8825F00024B5CC9C00160A1F /* UIViewController-Extension.swift */; };
		8825F01924B5CC9D00160A1F /* TableViewController.swift in Sources */ = {isa = PBXBuildFile; fileRef = 8825F00124B5CC9C00160A1F /* TableViewController.swift */; };
		8825F01A24B5CC9D00160A1F /* LoginViewController.swift in Sources */ = {isa = PBXBuildFile; fileRef = 8825F00224B5CC9C00160A1F /* LoginViewController.swift */; };
		8825F01B24B5CC9D00160A1F /* LoginViewControllerExtension.swift in Sources */ = {isa = PBXBuildFile; fileRef = 8825F00324B5CC9C00160A1F /* LoginViewControllerExtension.swift */; };
		8825F01C24B5CC9D00160A1F /* Assets.xcassets in Resources */ = {isa = PBXBuildFile; fileRef = 8825F00424B5CC9C00160A1F /* Assets.xcassets */; };
		8825F01D24B5CC9D00160A1F /* UIColorExtension.swift in Sources */ = {isa = PBXBuildFile; fileRef = 8825F00624B5CC9D00160A1F /* UIColorExtension.swift */; };
		8825F01E24B5CC9D00160A1F /* UITextFieldExtension.swift in Sources */ = {isa = PBXBuildFile; fileRef = 8825F00724B5CC9D00160A1F /* UITextFieldExtension.swift */; };
		8825F01F24B5CC9D00160A1F /* LaunchScreen.storyboard in Resources */ = {isa = PBXBuildFile; fileRef = 8825F00824B5CC9D00160A1F /* LaunchScreen.storyboard */; };
		8825F02024B5CC9D00160A1F /* Main.storyboard in Resources */ = {isa = PBXBuildFile; fileRef = 8825F00A24B5CC9D00160A1F /* Main.storyboard */; };
/* End PBXBuildFile section */

/* Begin PBXFileReference section */
		8825EFD824B5CA2100160A1F /* onthemap.app */ = {isa = PBXFileReference; explicitFileType = wrapper.application; includeInIndex = 0; path = onthemap.app; sourceTree = BUILT_PRODUCTS_DIR; };
		8825EFDB24B5CA2100160A1F /* AppDelegate.swift */ = {isa = PBXFileReference; lastKnownFileType = sourcecode.swift; path = AppDelegate.swift; sourceTree = "<group>"; };
		8825EFE924B5CA2200160A1F /* Info.plist */ = {isa = PBXFileReference; lastKnownFileType = text.plist.xml; path = Info.plist; sourceTree = "<group>"; };
		8825EFF124B5CC9C00160A1F /* GetStudentInformationResponse.swift */ = {isa = PBXFileReference; fileEncoding = 4; lastKnownFileType = sourcecode.swift; path = GetStudentInformationResponse.swift; sourceTree = "<group>"; };
		8825EFF224B5CC9C00160A1F /* POSTsessionIdResponse.swift */ = {isa = PBXFileReference; fileEncoding = 4; lastKnownFileType = sourcecode.swift; path = POSTsessionIdResponse.swift; sourceTree = "<group>"; };
		8825EFF324B5CC9C00160A1F /* GetStudentsInformationResponse.swift */ = {isa = PBXFileReference; fileEncoding = 4; lastKnownFileType = sourcecode.swift; path = GetStudentsInformationResponse.swift; sourceTree = "<group>"; };
		8825EFF524B5CC9C00160A1F /* POSTStudentLocationRequest.swift */ = {isa = PBXFileReference; fileEncoding = 4; lastKnownFileType = sourcecode.swift; path = POSTStudentLocationRequest.swift; sourceTree = "<group>"; };
		8825EFF624B5CC9C00160A1F /* POSTsessionIdRequest.swift */ = {isa = PBXFileReference; fileEncoding = 4; lastKnownFileType = sourcecode.swift; path = POSTsessionIdRequest.swift; sourceTree = "<group>"; };
		8825EFF824B5CC9C00160A1F /* StudentsInformation.swift */ = {isa = PBXFileReference; fileEncoding = 4; lastKnownFileType = sourcecode.swift; path = StudentsInformation.swift; sourceTree = "<group>"; };
		8825EFFA24B5CC9C00160A1F /* UdacityClient.swift */ = {isa = PBXFileReference; fileEncoding = 4; lastKnownFileType = sourcecode.swift; path = UdacityClient.swift; sourceTree = "<group>"; };
		8825EFFC24B5CC9C00160A1F /* AddPinViewController.swift */ = {isa = PBXFileReference; fileEncoding = 4; lastKnownFileType = sourcecode.swift; path = AddPinViewController.swift; sourceTree = "<group>"; };
		8825EFFD24B5CC9C00160A1F /* TabViewController.swift */ = {isa = PBXFileReference; fileEncoding = 4; lastKnownFileType = sourcecode.swift; path = TabViewController.swift; sourceTree = "<group>"; };
		8825EFFE24B5CC9C00160A1F /* MapViewController-Extension.swift */ = {isa = PBXFileReference; fileEncoding = 4; lastKnownFileType = sourcecode.swift; path = "MapViewController-Extension.swift"; sourceTree = "<group>"; };
		8825EFFF24B5CC9C00160A1F /* MapViewController.swift */ = {isa = PBXFileReference; fileEncoding = 4; lastKnownFileType = sourcecode.swift; path = MapViewController.swift; sourceTree = "<group>"; };
		8825F00024B5CC9C00160A1F /* UIViewController-Extension.swift */ = {isa = PBXFileReference; fileEncoding = 4; lastKnownFileType = sourcecode.swift; path = "UIViewController-Extension.swift"; sourceTree = "<group>"; };
		8825F00124B5CC9C00160A1F /* TableViewController.swift */ = {isa = PBXFileReference; fileEncoding = 4; lastKnownFileType = sourcecode.swift; path = TableViewController.swift; sourceTree = "<group>"; };
		8825F00224B5CC9C00160A1F /* LoginViewController.swift */ = {isa = PBXFileReference; fileEncoding = 4; lastKnownFileType = sourcecode.swift; path = LoginViewController.swift; sourceTree = "<group>"; };
		8825F00324B5CC9C00160A1F /* LoginViewControllerExtension.swift */ = {isa = PBXFileReference; fileEncoding = 4; lastKnownFileType = sourcecode.swift; path = LoginViewControllerExtension.swift; sourceTree = "<group>"; };
		8825F00424B5CC9C00160A1F /* Assets.xcassets */ = {isa = PBXFileReference; lastKnownFileType = folder.assetcatalog; name = Assets.xcassets; path = "../../../../Downloads/IOS-nanodegree-OnTheMap-master/OnTheMap/Assets.xcassets"; sourceTree = "<group>"; };
		8825F00624B5CC9D00160A1F /* UIColorExtension.swift */ = {isa = PBXFileReference; fileEncoding = 4; lastKnownFileType = sourcecode.swift; path = UIColorExtension.swift; sourceTree = "<group>"; };
		8825F00724B5CC9D00160A1F /* UITextFieldExtension.swift */ = {isa = PBXFileReference; fileEncoding = 4; lastKnownFileType = sourcecode.swift; path = UITextFieldExtension.swift; sourceTree = "<group>"; };
		8825F00924B5CC9D00160A1F /* Base */ = {isa = PBXFileReference; lastKnownFileType = file.storyboard; name = Base; path = Base.lproj/LaunchScreen.storyboard; sourceTree = "<group>"; };
		8825F00B24B5CC9D00160A1F /* Base */ = {isa = PBXFileReference; lastKnownFileType = file.storyboard; name = Base; path = Base.lproj/Main.storyboard; sourceTree = "<group>"; };
		8825F00C24B5CC9D00160A1F /* Info.plist */ = {isa = PBXFileReference; fileEncoding = 4; lastKnownFileType = text.plist.xml; name = Info.plist; path = "../../../../Downloads/IOS-nanodegree-OnTheMap-master/OnTheMap/Info.plist"; sourceTree = "<group>"; };
/* End PBXFileReference section */

/* Begin PBXFrameworksBuildPhase section */
		8825EFD524B5CA2100160A1F /* Frameworks */ = {
			isa = PBXFrameworksBuildPhase;
			buildActionMask = 2147483647;
			files = (
			);
			runOnlyForDeploymentPostprocessing = 0;
		};
/* End PBXFrameworksBuildPhase section */

/* Begin PBXGroup section */
		8825EFCF24B5CA2100160A1F = {
			isa = PBXGroup;
			children = (
				8825EFDA24B5CA2100160A1F /* onthemap */,
				8825EFD924B5CA2100160A1F /* Products */,
			);
			sourceTree = "<group>";
		};
		8825EFD924B5CA2100160A1F /* Products */ = {
			isa = PBXGroup;
			children = (
				8825EFD824B5CA2100160A1F /* onthemap.app */,
			);
			name = Products;
			sourceTree = "<group>";
		};
		8825EFDA24B5CA2100160A1F /* onthemap */ = {
			isa = PBXGroup;
			children = (
				8825EFDB24B5CA2100160A1F /* AppDelegate.swift */,
				8825F00424B5CC9C00160A1F /* Assets.xcassets */,
				8825EFFB24B5CC9C00160A1F /* Controllers */,
				8825F00C24B5CC9D00160A1F /* Info.plist */,
				8825EFEF24B5CC9C00160A1F /* Model */,
				8825F00524B5CC9D00160A1F /* View */,
				8825EFE924B5CA2200160A1F /* Info.plist */,
			);
			path = onthemap;
			sourceTree = "<group>";
		};
		8825EFEF24B5CC9C00160A1F /* Model */ = {
			isa = PBXGroup;
			children = (
				8825EFF024B5CC9C00160A1F /* Response */,
				8825EFF424B5CC9C00160A1F /* Request */,
				8825EFF724B5CC9C00160A1F /* Data */,
				8825EFF924B5CC9C00160A1F /* Client */,
			);
			path = Model;
			sourceTree = "<group>";
		};
		8825EFF024B5CC9C00160A1F /* Response */ = {
			isa = PBXGroup;
			children = (
				8825EFF124B5CC9C00160A1F /* GetStudentInformationResponse.swift */,
				8825EFF224B5CC9C00160A1F /* POSTsessionIdResponse.swift */,
				8825EFF324B5CC9C00160A1F /* GetStudentsInformationResponse.swift */,
			);
			path = Response;
			sourceTree = "<group>";
		};
		8825EFF424B5CC9C00160A1F /* Request */ = {
			isa = PBXGroup;
			children = (
				8825EFF524B5CC9C00160A1F /* POSTStudentLocationRequest.swift */,
				8825EFF624B5CC9C00160A1F /* POSTsessionIdRequest.swift */,
			);
			path = Request;
			sourceTree = "<group>";
		};
		8825EFF724B5CC9C00160A1F /* Data */ = {
			isa = PBXGroup;
			children = (
				8825EFF824B5CC9C00160A1F /* StudentsInformation.swift */,
			);
			path = Data;
			sourceTree = "<group>";
		};
		8825EFF924B5CC9C00160A1F /* Client */ = {
			isa = PBXGroup;
			children = (
				8825EFFA24B5CC9C00160A1F /* UdacityClient.swift */,
			);
			path = Client;
			sourceTree = "<group>";
		};
		8825EFFB24B5CC9C00160A1F /* Controllers */ = {
			isa = PBXGroup;
			children = (
				8825EFFC24B5CC9C00160A1F /* AddPinViewController.swift */,
				8825EFFD24B5CC9C00160A1F /* TabViewController.swift */,
				8825EFFE24B5CC9C00160A1F /* MapViewController-Extension.swift */,
				8825EFFF24B5CC9C00160A1F /* MapViewController.swift */,
				8825F00024B5CC9C00160A1F /* UIViewController-Extension.swift */,
				8825F00124B5CC9C00160A1F /* TableViewController.swift */,
				8825F00224B5CC9C00160A1F /* LoginViewController.swift */,
				8825F00324B5CC9C00160A1F /* LoginViewControllerExtension.swift */,
			);
			path = Controllers;
			sourceTree = "<group>";
		};
		8825F00524B5CC9D00160A1F /* View */ = {
			isa = PBXGroup;
			children = (
				8825F00624B5CC9D00160A1F /* UIColorExtension.swift */,
				8825F00724B5CC9D00160A1F /* UITextFieldExtension.swift */,
				8825F00824B5CC9D00160A1F /* LaunchScreen.storyboard */,
				8825F00A24B5CC9D00160A1F /* Main.storyboard */,
			);
			path = View;
			sourceTree = "<group>";
		};
/* End PBXGroup section */

/* Begin PBXNativeTarget section */
		8825EFD724B5CA2100160A1F /* onthemap */ = {
			isa = PBXNativeTarget;
			buildConfigurationList = 8825EFEC24B5CA2200160A1F /* Build configuration list for PBXNativeTarget "onthemap" */;
			buildPhases = (
				8825EFD424B5CA2100160A1F /* Sources */,
				8825EFD524B5CA2100160A1F /* Frameworks */,
				8825EFD624B5CA2100160A1F /* Resources */,
			);
			buildRules = (
			);
			dependencies = (
			);
			name = onthemap;
			productName = onthemap;
			productReference = 8825EFD824B5CA2100160A1F /* onthemap.app */;
			productType = "com.apple.product-type.application";
		};
/* End PBXNativeTarget section */

/* Begin PBXProject section */
		8825EFD024B5CA2100160A1F /* Project object */ = {
			isa = PBXProject;
			attributes = {
				LastSwiftUpdateCheck = 1150;
				LastUpgradeCheck = 1150;
				ORGANIZATIONNAME = "Marco Galetta";
				TargetAttributes = {
					8825EFD724B5CA2100160A1F = {
						CreatedOnToolsVersion = 11.5;
					};
				};
			};
			buildConfigurationList = 8825EFD324B5CA2100160A1F /* Build configuration list for PBXProject "onthemap" */;
			compatibilityVersion = "Xcode 9.3";
			developmentRegion = en;
			hasScannedForEncodings = 0;
			knownRegions = (
				en,
				Base,
			);
			mainGroup = 8825EFCF24B5CA2100160A1F;
			productRefGroup = 8825EFD924B5CA2100160A1F /* Products */;
			projectDirPath = "";
			projectRoot = "";
			targets = (
				8825EFD724B5CA2100160A1F /* onthemap */,
			);
		};
/* End PBXProject section */

/* Begin PBXResourcesBuildPhase section */
		8825EFD624B5CA2100160A1F /* Resources */ = {
			isa = PBXResourcesBuildPhase;
			buildActionMask = 2147483647;
			files = (
				8825F01C24B5CC9D00160A1F /* Assets.xcassets in Resources */,
				8825F02024B5CC9D00160A1F /* Main.storyboard in Resources */,
				8825F01F24B5CC9D00160A1F /* LaunchScreen.storyboard in Resources */,
			);
			runOnlyForDeploymentPostprocessing = 0;
		};
/* End PBXResourcesBuildPhase section */

/* Begin PBXSourcesBuildPhase section */
		8825EFD424B5CA2100160A1F /* Sources */ = {
			isa = PBXSourcesBuildPhase;
			buildActionMask = 2147483647;
			files = (
				8825F01B24B5CC9D00160A1F /* LoginViewControllerExtension.swift in Sources */,
				8825F01524B5CC9D00160A1F /* TabViewController.swift in Sources */,
				8825F01324B5CC9D00160A1F /* UdacityClient.swift in Sources */,
				8825F01424B5CC9D00160A1F /* AddPinViewController.swift in Sources */,
				8825F01D24B5CC9D00160A1F /* UIColorExtension.swift in Sources */,
				8825F01E24B5CC9D00160A1F /* UITextFieldExtension.swift in Sources */,
				8825EFDC24B5CA2100160A1F /* AppDelegate.swift in Sources */,
				8825F00F24B5CC9D00160A1F /* GetStudentsInformationResponse.swift in Sources */,
				8825F00D24B5CC9D00160A1F /* GetStudentInformationResponse.swift in Sources */,
				8825F01824B5CC9D00160A1F /* UIViewController-Extension.swift in Sources */,
				8825F01224B5CC9D00160A1F /* StudentsInformation.swift in Sources */,
				8825F01024B5CC9D00160A1F /* POSTStudentLocationRequest.swift in Sources */,
				8825F01124B5CC9D00160A1F /* POSTsessionIdRequest.swift in Sources */,
				8825F01924B5CC9D00160A1F /* TableViewController.swift in Sources */,
				8825F00E24B5CC9D00160A1F /* POSTsessionIdResponse.swift in Sources */,
				8825F01A24B5CC9D00160A1F /* LoginViewController.swift in Sources */,
				8825F01624B5CC9D00160A1F /* MapViewController-Extension.swift in Sources */,
				8825F01724B5CC9D00160A1F /* MapViewController.swift in Sources */,
			);
			runOnlyForDeploymentPostprocessing = 0;
		};
/* End PBXSourcesBuildPhase section */

/* Begin PBXVariantGroup section */
		8825F00824B5CC9D00160A1F /* LaunchScreen.storyboard */ = {
			isa = PBXVariantGroup;
			children = (
				8825F00924B5CC9D00160A1F /* Base */,
			);
			name = LaunchScreen.storyboard;
			sourceTree = "<group>";
		};
		8825F00A24B5CC9D00160A1F /* Main.storyboard */ = {
			isa = PBXVariantGroup;
			children = (
				8825F00B24B5CC9D00160A1F /* Base */,
			);
			name = Main.storyboard;
			sourceTree = "<group>";
		};
/* End PBXVariantGroup section */

/* Begin XCBuildConfiguration section */
		8825EFEA24B5CA2200160A1F /* Debug */ = {
			isa = XCBuildConfiguration;
			buildSettings = {
				ALWAYS_SEARCH_USER_PATHS = NO;
				CLANG_ANALYZER_NONNULL = YES;
				CLANG_ANALYZER_NUMBER_OBJECT_CONVERSION = YES_AGGRESSIVE;
				CLANG_CXX_LANGUAGE_STANDARD = "gnu++14";
				CLANG_CXX_LIBRARY = "libc++";
				CLANG_ENABLE_MODULES = YES;
				CLANG_ENABLE_OBJC_ARC = YES;
				CLANG_ENABLE_OBJC_WEAK = YES;
				CLANG_WARN_BLOCK_CAPTURE_AUTORELEASING = YES;
				CLANG_WARN_BOOL_CONVERSION = YES;
				CLANG_WARN_COMMA = YES;
				CLANG_WARN_CONSTANT_CONVERSION = YES;
				CLANG_WARN_DEPRECATED_OBJC_IMPLEMENTATIONS = YES;
				CLANG_WARN_DIRECT_OBJC_ISA_USAGE = YES_ERROR;
				CLANG_WARN_DOCUMENTATION_COMMENTS = YES;
				CLANG_WARN_EMPTY_BODY = YES;
				CLANG_WARN_ENUM_CONVERSION = YES;
				CLANG_WARN_INFINITE_RECURSION = YES;
				CLANG_WARN_INT_CONVERSION = YES;
				CLANG_WARN_NON_LITERAL_NULL_CONVERSION = YES;
				CLANG_WARN_OBJC_IMPLICIT_RETAIN_SELF = YES;
				CLANG_WARN_OBJC_LITERAL_CONVERSION = YES;
				CLANG_WARN_OBJC_ROOT_CLASS = YES_ERROR;
				CLANG_WARN_RANGE_LOOP_ANALYSIS = YES;
				CLANG_WARN_STRICT_PROTOTYPES = YES;
				CLANG_WARN_SUSPICIOUS_MOVE = YES;
				CLANG_WARN_UNGUARDED_AVAILABILITY = YES_AGGRESSIVE;
				CLANG_WARN_UNREACHABLE_CODE = YES;
				CLANG_WARN__DUPLICATE_METHOD_MATCH = YES;
				COPY_PHASE_STRIP = NO;
				DEBUG_INFORMATION_FORMAT = dwarf;
				ENABLE_STRICT_OBJC_MSGSEND = YES;
				ENABLE_TESTABILITY = YES;
				GCC_C_LANGUAGE_STANDARD = gnu11;
				GCC_DYNAMIC_NO_PIC = NO;
				GCC_NO_COMMON_BLOCKS = YES;
				GCC_OPTIMIZATION_LEVEL = 0;
				GCC_PREPROCESSOR_DEFINITIONS = (
					"DEBUG=1",
					"$(inherited)",
				);
				GCC_WARN_64_TO_32_BIT_CONVERSION = YES;
				GCC_WARN_ABOUT_RETURN_TYPE = YES_ERROR;
				GCC_WARN_UNDECLARED_SELECTOR = YES;
				GCC_WARN_UNINITIALIZED_AUTOS = YES_AGGRESSIVE;
				GCC_WARN_UNUSED_FUNCTION = YES;
				GCC_WARN_UNUSED_VARIABLE = YES;
				IPHONEOS_DEPLOYMENT_TARGET = 13.5;
				MTL_ENABLE_DEBUG_INFO = INCLUDE_SOURCE;
				MTL_FAST_MATH = YES;
				ONLY_ACTIVE_ARCH = YES;
				SDKROOT = iphoneos;
				SWIFT_ACTIVE_COMPILATION_CONDITIONS = DEBUG;
				SWIFT_OPTIMIZATION_LEVEL = "-Onone";
			};
			name = Debug;
		};
		8825EFEB24B5CA2200160A1F /* Release */ = {
			isa = XCBuildConfiguration;
			buildSettings = {
				ALWAYS_SEARCH_USER_PATHS = NO;
				CLANG_ANALYZER_NONNULL = YES;
				CLANG_ANALYZER_NUMBER_OBJECT_CONVERSION = YES_AGGRESSIVE;
				CLANG_CXX_LANGUAGE_STANDARD = "gnu++14";
				CLANG_CXX_LIBRARY = "libc++";
				CLANG_ENABLE_MODULES = YES;
				CLANG_ENABLE_OBJC_ARC = YES;
				CLANG_ENABLE_OBJC_WEAK = YES;
				CLANG_WARN_BLOCK_CAPTURE_AUTORELEASING = YES;
				CLANG_WARN_BOOL_CONVERSION = YES;
				CLANG_WARN_COMMA = YES;
				CLANG_WARN_CONSTANT_CONVERSION = YES;
				CLANG_WARN_DEPRECATED_OBJC_IMPLEMENTATIONS = YES;
				CLANG_WARN_DIRECT_OBJC_ISA_USAGE = YES_ERROR;
				CLANG_WARN_DOCUMENTATION_COMMENTS = YES;
				CLANG_WARN_EMPTY_BODY = YES;
				CLANG_WARN_ENUM_CONVERSION = YES;
				CLANG_WARN_INFINITE_RECURSION = YES;
				CLANG_WARN_INT_CONVERSION = YES;
				CLANG_WARN_NON_LITERAL_NULL_CONVERSION = YES;
				CLANG_WARN_OBJC_IMPLICIT_RETAIN_SELF = YES;
				CLANG_WARN_OBJC_LITERAL_CONVERSION = YES;
				CLANG_WARN_OBJC_ROOT_CLASS = YES_ERROR;
				CLANG_WARN_RANGE_LOOP_ANALYSIS = YES;
				CLANG_WARN_STRICT_PROTOTYPES = YES;
				CLANG_WARN_SUSPICIOUS_MOVE = YES;
				CLANG_WARN_UNGUARDED_AVAILABILITY = YES_AGGRESSIVE;
				CLANG_WARN_UNREACHABLE_CODE = YES;
				CLANG_WARN__DUPLICATE_METHOD_MATCH = YES;
				COPY_PHASE_STRIP = NO;
				DEBUG_INFORMATION_FORMAT = "dwarf-with-dsym";
				ENABLE_NS_ASSERTIONS = NO;
				ENABLE_STRICT_OBJC_MSGSEND = YES;
				GCC_C_LANGUAGE_STANDARD = gnu11;
				GCC_NO_COMMON_BLOCKS = YES;
				GCC_WARN_64_TO_32_BIT_CONVERSION = YES;
				GCC_WARN_ABOUT_RETURN_TYPE = YES_ERROR;
				GCC_WARN_UNDECLARED_SELECTOR = YES;
				GCC_WARN_UNINITIALIZED_AUTOS = YES_AGGRESSIVE;
				GCC_WARN_UNUSED_FUNCTION = YES;
				GCC_WARN_UNUSED_VARIABLE = YES;
				IPHONEOS_DEPLOYMENT_TARGET = 13.5;
				MTL_ENABLE_DEBUG_INFO = NO;
				MTL_FAST_MATH = YES;
				SDKROOT = iphoneos;
				SWIFT_COMPILATION_MODE = wholemodule;
				SWIFT_OPTIMIZATION_LEVEL = "-O";
				VALIDATE_PRODUCT = YES;
			};
			name = Release;
		};
		8825EFED24B5CA2200160A1F /* Debug */ = {
			isa = XCBuildConfiguration;
			buildSettings = {
				ASSETCATALOG_COMPILER_APPICON_NAME = AppIcon;
				CODE_SIGN_STYLE = Automatic;
				DEVELOPMENT_TEAM = NK9LGTSSKM;
				INFOPLIST_FILE = onthemap/Info.plist;
				LD_RUNPATH_SEARCH_PATHS = (
					"$(inherited)",
					"@executable_path/Frameworks",
				);
				PRODUCT_BUNDLE_IDENTIFIER = it.udacity.onthemap;
				PRODUCT_NAME = "$(TARGET_NAME)";
				SWIFT_VERSION = 5.0;
				TARGETED_DEVICE_FAMILY = "1,2";
			};
			name = Debug;
		};
		8825EFEE24B5CA2200160A1F /* Release */ = {
			isa = XCBuildConfiguration;
			buildSettings = {
				ASSETCATALOG_COMPILER_APPICON_NAME = AppIcon;
				CODE_SIGN_STYLE = Automatic;
				DEVELOPMENT_TEAM = NK9LGTSSKM;
				INFOPLIST_FILE = onthemap/Info.plist;
				LD_RUNPATH_SEARCH_PATHS = (
					"$(inherited)",
					"@executable_path/Frameworks",
				);
				PRODUCT_BUNDLE_IDENTIFIER = it.udacity.onthemap;
				PRODUCT_NAME = "$(TARGET_NAME)";
				SWIFT_VERSION = 5.0;
				TARGETED_DEVICE_FAMILY = "1,2";
			};
			name = Release;
		};
/* End XCBuildConfiguration section */

/* Begin XCConfigurationList section */
		8825EFD324B5CA2100160A1F /* Build configuration list for PBXProject "onthemap" */ = {
			isa = XCConfigurationList;
			buildConfigurations = (
				8825EFEA24B5CA2200160A1F /* Debug */,
				8825EFEB24B5CA2200160A1F /* Release */,
			);
			defaultConfigurationIsVisible = 0;
			defaultConfigurationName = Release;
		};
		8825EFEC24B5CA2200160A1F /* Build configuration list for PBXNativeTarget "onthemap" */ = {
			isa = XCConfigurationList;
			buildConfigurations = (
				8825EFED24B5CA2200160A1F /* Debug */,
				8825EFEE24B5CA2200160A1F /* Release */,
			);
			defaultConfigurationIsVisible = 0;
			defaultConfigurationName = Release;
		};
/* End XCConfigurationList section */
	};
	rootObject = 8825EFD024B5CA2100160A1F /* Project object */;
}
